{
  "lockfile_version": "1",
  "packages": {
    "bun@latest": {
      "last_modified": "2025-03-17T10:12:08Z",
      "resolved": "github:NixOS/nixpkgs/096478927c360bc18ea80c8274f013709cf7bdcd#bun",
      "source": "devbox-search",
      "version": "1.2.5",
      "systems": {
        "aarch64-darwin": {
          "outputs": [
            {
              "name": "out",
              "path": "/nix/store/rzf81xw57rp8vqjwchbcsqb2fy4j51bm-bun-1.2.5",
              "default": true
            }
          ],
          "store_path": "/nix/store/rzf81xw57rp8vqjwchbcsqb2fy4j51bm-bun-1.2.5"
        },
        "aarch64-linux": {
          "outputs": [
            {
              "name": "out",
              "path": "/nix/store/2rqxjvjk0dmr1wjw4sqy3grx3y6brk2c-bun-1.2.5",
              "default": true
            }
          ],
          "store_path": "/nix/store/2rqxjvjk0dmr1wjw4sqy3grx3y6brk2c-bun-1.2.5"
        },
        "x86_64-darwin": {
          "outputs": [
            {
              "name": "out",
              "path": "/nix/store/6nnqxvad5qw8clhawzabld44zngj76j7-bun-1.2.5",
              "default": true
            }
          ],
          "store_path": "/nix/store/6nnqxvad5qw8clhawzabld44zngj76j7-bun-1.2.5"
        },
        "x86_64-linux": {
          "outputs": [
            {
              "name": "out",
              "path": "/nix/store/g8k9g77pf9a1pqbjhfnsh6qam4j5a3cg-bun-1.2.5",
              "default": true
            }
          ],
          "store_path": "/nix/store/g8k9g77pf9a1pqbjhfnsh6qam4j5a3cg-bun-1.2.5"
        }
      }
    },
    "curl@latest": {
      "last_modified": "2025-03-21T17:37:26Z",
      "resolved": "github:NixOS/nixpkgs/94c4dbe77c0740ebba36c173672ca15a7926c993#curl",
      "source": "devbox-search",
      "version": "8.12.1",
      "systems": {
        "aarch64-darwin": {
          "outputs": [
            {
              "name": "bin",
              "path": "/nix/store/baiigsw3z45r6flc0sp3yfn2miy287cf-curl-8.12.1-bin",
              "default": true
            },
            {
              "name": "man",
              "path": "/nix/store/rcjd846pvsdd4wkancjcnkjx29mxp9cj-curl-8.12.1-man",
              "default": true
            },
            {
              "name": "out",
              "path": "/nix/store/j97v5hphlqwlifqhyipw7jj32a9fkhmp-curl-8.12.1"
            },
            {
              "name": "dev",
              "path": "/nix/store/6105r6dknsdcv1bg2p7lclm7hp6vdcvi-curl-8.12.1-dev"
            },
            {
              "name": "devdoc",
              "path": "/nix/store/zzr5ncacmpzxvh1vrh74iri5w630z23c-curl-8.12.1-devdoc"
            }
          ],
          "store_path": "/nix/store/baiigsw3z45r6flc0sp3yfn2miy287cf-curl-8.12.1-bin"
        },
        "aarch64-linux": {
          "outputs": [
            {
              "name": "bin",
              "path": "/nix/store/mky4ls4yyinks01394shqhk6alhn9xh6-curl-8.12.1-bin",
              "default": true
            },
            {
              "name": "man",
              "path": "/nix/store/m18cmv4nl58giw3zalrlldw40ksil6kr-curl-8.12.1-man",
              "default": true
            },
            {
              "name": "dev",
              "path": "/nix/store/75li6f1pfd8w00ilffaqywpgn910z88l-curl-8.12.1-dev"
            },
            {
              "name": "devdoc",
              "path": "/nix/store/mp9ny9x3608fbf3zcq8rqlc6lxhxjj49-curl-8.12.1-devdoc"
            },
            {
              "name": "out",
              "path": "/nix/store/y1f35w8psglsf3scfwwr58mv4ai2j8p0-curl-8.12.1"
            },
            {
              "name": "debug",
              "path": "/nix/store/0mn2mfyqjb3ybrp8sx1m0wadbvsl02z4-curl-8.12.1-debug"
            }
          ],
          "store_path": "/nix/store/mky4ls4yyinks01394shqhk6alhn9xh6-curl-8.12.1-bin"
        },
        "x86_64-darwin": {
          "outputs": [
            {
              "name": "bin",
              "path": "/nix/store/0r4yc6516kqylzccq9f35gni14hlpa3x-curl-8.12.1-bin",
              "default": true
            },
            {
              "name": "man",
              "path": "/nix/store/ahx6ha7fr19g4km7ckwg8m18bzrszccn-curl-8.12.1-man",
              "default": true
            },
            {
              "name": "devdoc",
              "path": "/nix/store/dmmqlds05glry24fppkgnd6mkgbv13fx-curl-8.12.1-devdoc"
            },
            {
              "name": "out",
              "path": "/nix/store/p2xnwb804lsv8azrkqrvs4ng7ivbaqmd-curl-8.12.1"
            },
            {
              "name": "dev",
              "path": "/nix/store/ylr090jisy6rcp6h7gz4j5s79xdga61y-curl-8.12.1-dev"
            }
          ],
          "store_path": "/nix/store/0r4yc6516kqylzccq9f35gni14hlpa3x-curl-8.12.1-bin"
        },
        "x86_64-linux": {
          "outputs": [
            {
              "name": "bin",
              "path": "/nix/store/ipyzblpplw889rdvmm7sw8r3kf24p6c2-curl-8.12.1-bin",
              "default": true
            },
            {
              "name": "man",
              "path": "/nix/store/kf2jk2p8bf3lvasxy5pmib6irgs28rl2-curl-8.12.1-man",
              "default": true
            },
            {
              "name": "out",
              "path": "/nix/store/xbxq9d2npfdb6954wdc5aa7skf2bpdxs-curl-8.12.1"
            },
            {
              "name": "debug",
              "path": "/nix/store/c8dh5156hf1ikfnhihiiv97bj67fzkh0-curl-8.12.1-debug"
            },
            {
              "name": "dev",
              "path": "/nix/store/adpdg2yhykxgm13r8nj9xqbj676vxv3n-curl-8.12.1-dev"
            },
            {
              "name": "devdoc",
              "path": "/nix/store/m1kmbias4l6g6w5jifc0q1wc2sn7hj7c-curl-8.12.1-devdoc"
            }
          ],
          "store_path": "/nix/store/ipyzblpplw889rdvmm7sw8r3kf24p6c2-curl-8.12.1-bin"
        }
      }
    },
    "fzf@latest": {
      "last_modified": "2025-03-21T17:37:26Z",
      "resolved": "github:NixOS/nixpkgs/94c4dbe77c0740ebba36c173672ca15a7926c993#fzf",
      "source": "devbox-search",
      "version": "0.60.3",
      "systems": {
        "aarch64-darwin": {
          "outputs": [
            {
              "name": "out",
              "path": "/nix/store/l8nnqmskgzp5cl6qzh7m3ngzil00fhgy-fzf-0.60.3",
              "default": true
            },
            {
              "name": "man",
              "path": "/nix/store/2d6j0js7qqxcr1ahz1wpf64flwpwks03-fzf-0.60.3-man",
              "default": true
            }
          ],
          "store_path": "/nix/store/l8nnqmskgzp5cl6qzh7m3ngzil00fhgy-fzf-0.60.3"
        },
        "aarch64-linux": {
          "outputs": [
            {
              "name": "out",
              "path": "/nix/store/84vr4i9wa2accix8kaawbjgq8xinllk0-fzf-0.60.3",
              "default": true
            },
            {
              "name": "man",
              "path": "/nix/store/gn41sqclklk0djn802j0f0qiqd5n6104-fzf-0.60.3-man",
              "default": true
            }
          ],
          "store_path": "/nix/store/84vr4i9wa2accix8kaawbjgq8xinllk0-fzf-0.60.3"
        },
        "x86_64-darwin": {
          "outputs": [
            {
              "name": "out",
              "path": "/nix/store/x2f1zc3k0qwm4rva27ig27sx2igvh0yv-fzf-0.60.3",
              "default": true
            },
            {
              "name": "man",
              "path": "/nix/store/51sd3qp79cdhzw4xs0skawk89hql97dw-fzf-0.60.3-man",
              "default": true
            }
          ],
          "store_path": "/nix/store/x2f1zc3k0qwm4rva27ig27sx2igvh0yv-fzf-0.60.3"
        },
        "x86_64-linux": {
          "outputs": [
            {
              "name": "out",
              "path": "/nix/store/0jcwaphckifvjlidxg9y2n37d7ri6whx-fzf-0.60.3",
              "default": true
            },
            {
              "name": "man",
              "path": "/nix/store/7xbkpixagf7znj4ys0h10s8as1jp81sn-fzf-0.60.3-man",
              "default": true
            }
          ],
          "store_path": "/nix/store/0jcwaphckifvjlidxg9y2n37d7ri6whx-fzf-0.60.3"
        }
      }
    },
    "git@latest": {
      "last_modified": "2025-03-21T17:37:26Z",
      "resolved": "github:NixOS/nixpkgs/94c4dbe77c0740ebba36c173672ca15a7926c993#git",
      "source": "devbox-search",
      "version": "2.48.1",
      "systems": {
        "aarch64-darwin": {
          "outputs": [
            {
              "name": "out",
              "path": "/nix/store/b3sci30zzzlj3rzj1y89cijnd6zcwapk-git-2.48.1",
              "default": true
            },
            {
              "name": "doc",
              "path": "/nix/store/086knqdw7fjgzczp0i6nad95s2v6jbya-git-2.48.1-doc"
            }
          ],
          "store_path": "/nix/store/b3sci30zzzlj3rzj1y89cijnd6zcwapk-git-2.48.1"
        },
        "aarch64-linux": {
          "outputs": [
            {
              "name": "out",
              "path": "/nix/store/gzamqis9d24214c2br9g7vxqzgh309l4-git-2.48.1",
              "default": true
            },
            {
              "name": "doc",
              "path": "/nix/store/3v7g1zdv24mziy2m4xymi0a9fwd8h8c9-git-2.48.1-doc"
            },
            {
              "name": "debug",
              "path": "/nix/store/ch1rjq8rbjm2ipbxa2i5cpdc5c0raih6-git-2.48.1-debug"
            }
          ],
          "store_path": "/nix/store/gzamqis9d24214c2br9g7vxqzgh309l4-git-2.48.1"
        },
        "x86_64-darwin": {
          "outputs": [
            {
              "name": "out",
              "path": "/nix/store/5qmpmgx1fb1qxnq3gb1hvvha5wi24n7v-git-2.48.1",
              "default": true
            },
            {
              "name": "doc",
              "path": "/nix/store/x5x4qz04v9zfz9dzh8l723nbwma8dnmk-git-2.48.1-doc"
            }
          ],
          "store_path": "/nix/store/5qmpmgx1fb1qxnq3gb1hvvha5wi24n7v-git-2.48.1"
        },
        "x86_64-linux": {
          "outputs": [
            {
              "name": "out",
              "path": "/nix/store/pl9krbxnhawd4n5kxsm6m5i5mjhbw48q-git-2.48.1",
              "default": true
            },
            {
              "name": "doc",
              "path": "/nix/store/fkrfnnwc7a7rq86rrnb9j2474wy8qkbm-git-2.48.1-doc"
            },
            {
              "name": "debug",
              "path": "/nix/store/s0a07h6m6lpcv67954y3vag35np716sf-git-2.48.1-debug"
            }
          ],
          "store_path": "/nix/store/pl9krbxnhawd4n5kxsm6m5i5mjhbw48q-git-2.48.1"
        }
      }
    },
    "github:NixOS/nixpkgs/nixpkgs-unstable": {
      "resolved": "github:NixOS/nixpkgs/0740f6f238767d4caf9afe774d3e88105766dfc6?lastModified=1742606399&narHash=sha256-NAxwF5cjgh8o5aylhePXWNQETCWYaTpNvdO2bMfINpQ%3D"
    },
    "go@latest": {
      "last_modified": "2025-03-21T17:37:26Z",
      "resolved": "github:NixOS/nixpkgs/94c4dbe77c0740ebba36c173672ca15a7926c993#go",
      "source": "devbox-search",
      "version": "1.24.1",
      "systems": {
        "aarch64-darwin": {
          "outputs": [
            {
              "name": "out",
              "path": "/nix/store/ja4jxx60lh1qfqfl4z4p2rff56ia1c3c-go-1.24.1",
              "default": true
            }
          ],
          "store_path": "/nix/store/ja4jxx60lh1qfqfl4z4p2rff56ia1c3c-go-1.24.1"
        },
        "aarch64-linux": {
          "outputs": [
            {
              "name": "out",
              "path": "/nix/store/8ply43gnxk1xwichr81mpgbjcd9a1y5w-go-1.24.1",
              "default": true
            }
          ],
          "store_path": "/nix/store/8ply43gnxk1xwichr81mpgbjcd9a1y5w-go-1.24.1"
        },
        "x86_64-darwin": {
          "outputs": [
            {
              "name": "out",
              "path": "/nix/store/87yxrfx5lh78bdz393i33cr5z23x06q4-go-1.24.1",
              "default": true
            }
          ],
          "store_path": "/nix/store/87yxrfx5lh78bdz393i33cr5z23x06q4-go-1.24.1"
        },
        "x86_64-linux": {
          "outputs": [
            {
              "name": "out",
              "path": "/nix/store/cfjhl0kn7xc65466pha9fkrvigw3g72n-go-1.24.1",
              "default": true
            }
          ],
          "store_path": "/nix/store/cfjhl0kn7xc65466pha9fkrvigw3g72n-go-1.24.1"
        }
      }
    },
    "jq@latest": {
      "last_modified": "2025-03-19T06:05:51Z",
      "resolved": "github:NixOS/nixpkgs/44e422ba8ed1bdec9620b0733601669972f91170#jq",
      "source": "devbox-search",
      "version": "1.7.1",
      "systems": {
        "aarch64-darwin": {
          "outputs": [
            {
              "name": "bin",
              "path": "/nix/store/a0d5735pbpxr817gjzvv6bdy2ycj38nf-jq-1.7.1-bin",
              "default": true
            },
            {
              "name": "man",
              "path": "/nix/store/id3vbyr5wqz7ljylcdqjvrpdsiv4a02v-jq-1.7.1-man",
              "default": true
            },
            {
              "name": "dev",
              "path": "/nix/store/yhykv5iafas7lp327w3xkj1gxkhifcbk-jq-1.7.1-dev"
            },
            {
              "name": "doc",
              "path": "/nix/store/rqjr3mln9jmidha6izp07fq9fp30y4sx-jq-1.7.1-doc"
            },
            {
              "name": "out",
              "path": "/nix/store/m0kqs2n6b4idvhpzcqad9jfz1cbwib2n-jq-1.7.1"
            }
          ],
          "store_path": "/nix/store/a0d5735pbpxr817gjzvv6bdy2ycj38nf-jq-1.7.1-bin"
        },
        "aarch64-linux": {
          "outputs": [
            {
              "name": "bin",
              "path": "/nix/store/64k31kawylkwbjh4r1bwxfq8zb0yzqyi-jq-1.7.1-bin",
              "default": true
            },
            {
              "name": "man",
              "path": "/nix/store/w29k8y3v6rfyy4kvx95dc79lyfcq7ikf-jq-1.7.1-man",
              "default": true
            },
            {
              "name": "dev",
              "path": "/nix/store/r5wikmfi7na32gcx46p3ncxmzns1f5xz-jq-1.7.1-dev"
            },
            {
              "name": "doc",
              "path": "/nix/store/mhfyqmwvnqihqs5av778m4lic0p15hyf-jq-1.7.1-doc"
            },
            {
              "name": "out",
              "path": "/nix/store/y3sdsgvnpmwp42d2kd9rq3d5anraccpy-jq-1.7.1"
            }
          ],
          "store_path": "/nix/store/64k31kawylkwbjh4r1bwxfq8zb0yzqyi-jq-1.7.1-bin"
        },
        "x86_64-darwin": {
          "outputs": [
            {
              "name": "bin",
              "path": "/nix/store/p6ph78v4kf373vnsigwaqh7j3dlapnny-jq-1.7.1-bin",
              "default": true
            },
            {
              "name": "man",
              "path": "/nix/store/83f3x5240k5kqc8bw758nq4q6d3j7l5p-jq-1.7.1-man",
              "default": true
            },
            {
              "name": "out",
              "path": "/nix/store/fbv7k9csv3m2af8chfblxzlv2mgaz8i0-jq-1.7.1"
            },
            {
              "name": "dev",
              "path": "/nix/store/6lhl23njgh2pjh3sypxv4s0g6n0zdmqk-jq-1.7.1-dev"
            },
            {
              "name": "doc",
              "path": "/nix/store/5md80wrj52gklrxwsf68dkqc9igmq928-jq-1.7.1-doc"
            }
          ],
          "store_path": "/nix/store/p6ph78v4kf373vnsigwaqh7j3dlapnny-jq-1.7.1-bin"
        },
        "x86_64-linux": {
          "outputs": [
            {
              "name": "bin",
              "path": "/nix/store/134m2q047vsr9miwh5l227j7sh9jb130-jq-1.7.1-bin",
              "default": true
            },
            {
              "name": "man",
              "path": "/nix/store/8vlqxykb9959nn5bl5vph99d2c4np9wg-jq-1.7.1-man",
              "default": true
            },
            {
              "name": "dev",
              "path": "/nix/store/94yz5x26ssx2pqn7gamlngp306s8mz60-jq-1.7.1-dev"
            },
            {
              "name": "doc",
              "path": "/nix/store/byqqs2ayp67zvmd6dqi4jahwm1f779cj-jq-1.7.1-doc"
            },
            {
              "name": "out",
              "path": "/nix/store/6zy1hkwlwq9r97swjy616vf096dccrsr-jq-1.7.1"
            }
          ],
          "store_path": "/nix/store/134m2q047vsr9miwh5l227j7sh9jb130-jq-1.7.1-bin"
        }
      }
    },
    "kubectl@latest": {
      "last_modified": "2025-03-21T17:37:26Z",
      "resolved": "github:NixOS/nixpkgs/94c4dbe77c0740ebba36c173672ca15a7926c993#kubectl",
      "source": "devbox-search",
      "version": "1.32.2",
      "systems": {
        "aarch64-darwin": {
          "outputs": [
            {
              "name": "out",
              "path": "/nix/store/cr69x3lwm2bvicn21xijyswvvfvckb78-kubectl-1.32.2",
              "default": true
            },
            {
              "name": "man",
              "path": "/nix/store/h827jr60kqihjv4kgasfibhsrg4hbxmd-kubectl-1.32.2-man",
              "default": true
            },
            {
              "name": "convert",
              "path": "/nix/store/554dpvy977n9871yvc21nqhsnqkdg5fr-kubectl-1.32.2-convert"
            }
          ],
          "store_path": "/nix/store/cr69x3lwm2bvicn21xijyswvvfvckb78-kubectl-1.32.2"
        },
        "aarch64-linux": {
          "outputs": [
            {
              "name": "out",
              "path": "/nix/store/7rr1jk5r28bm92xkjb3if2vr14hafaii-kubectl-1.32.2",
              "default": true
            },
            {
              "name": "man",
              "path": "/nix/store/q97zgj00sazysi9yrr8x52skysk674dx-kubectl-1.32.2-man",
              "default": true
            },
            {
              "name": "convert",
              "path": "/nix/store/wcdr4m7gfanjlfh1bdn528z5vs13lrbr-kubectl-1.32.2-convert"
            }
          ],
          "store_path": "/nix/store/7rr1jk5r28bm92xkjb3if2vr14hafaii-kubectl-1.32.2"
        },
        "x86_64-darwin": {
          "outputs": [
            {
              "name": "out",
              "path": "/nix/store/57xa23ilnjpv6hw0m12n1wb689qf0qv0-kubectl-1.32.2",
              "default": true
            },
            {
              "name": "man",
              "path": "/nix/store/4m6q7f91vq5gzrnq8k9igfvk4glgxp2i-kubectl-1.32.2-man",
              "default": true
            },
            {
              "name": "convert",
              "path": "/nix/store/sg9nw4x2r9ssw2v6f1rii6a8i4fajpa2-kubectl-1.32.2-convert"
            }
          ],
          "store_path": "/nix/store/57xa23ilnjpv6hw0m12n1wb689qf0qv0-kubectl-1.32.2"
        },
        "x86_64-linux": {
          "outputs": [
            {
              "name": "out",
              "path": "/nix/store/z71m7l32ll43nb5cpfs5fb3acaz3rpx2-kubectl-1.32.2",
              "default": true
            },
            {
              "name": "man",
              "path": "/nix/store/0nwm2ksngri57gvgn2vvpcvy2gcz79bb-kubectl-1.32.2-man",
              "default": true
            },
            {
              "name": "convert",
              "path": "/nix/store/52cf0bmr4pqpid2nid4l1b9i1zr8zkgn-kubectl-1.32.2-convert"
            }
          ],
          "store_path": "/nix/store/z71m7l32ll43nb5cpfs5fb3acaz3rpx2-kubectl-1.32.2"
        }
      }
    },
    "kubectx@latest": {
      "last_modified": "2025-03-21T17:37:26Z",
      "resolved": "github:NixOS/nixpkgs/94c4dbe77c0740ebba36c173672ca15a7926c993#kubectx",
      "source": "devbox-search",
      "version": "0.9.5",
      "systems": {
        "aarch64-darwin": {
          "outputs": [
            {
              "name": "out",
              "path": "/nix/store/mv4845y6a2m8vx6ivd44y019gw1m7x38-kubectx-0.9.5",
              "default": true
            }
          ],
          "store_path": "/nix/store/mv4845y6a2m8vx6ivd44y019gw1m7x38-kubectx-0.9.5"
        },
        "aarch64-linux": {
          "outputs": [
            {
              "name": "out",
              "path": "/nix/store/3cpyi0bd3y3zpcdb9c2qnab4p6wcf4zz-kubectx-0.9.5",
              "default": true
            }
          ],
          "store_path": "/nix/store/3cpyi0bd3y3zpcdb9c2qnab4p6wcf4zz-kubectx-0.9.5"
        },
        "x86_64-darwin": {
          "outputs": [
            {
              "name": "out",
              "path": "/nix/store/djkkgy209yfwsgdk53bdjakw16ry42n5-kubectx-0.9.5",
              "default": true
            }
          ],
          "store_path": "/nix/store/djkkgy209yfwsgdk53bdjakw16ry42n5-kubectx-0.9.5"
        },
        "x86_64-linux": {
          "outputs": [
            {
              "name": "out",
              "path": "/nix/store/k6glv3a3v4rfs4vlgra7mvvj3d2163d5-kubectx-0.9.5",
              "default": true
            }
          ],
          "store_path": "/nix/store/k6glv3a3v4rfs4vlgra7mvvj3d2163d5-kubectx-0.9.5"
        }
      }
    },
    "minikube@latest": {
      "last_modified": "2025-03-21T17:37:26Z",
      "resolved": "github:NixOS/nixpkgs/94c4dbe77c0740ebba36c173672ca15a7926c993#minikube",
      "source": "devbox-search",
      "version": "1.34.0",
      "systems": {
        "aarch64-darwin": {
          "outputs": [
            {
              "name": "out",
              "path": "/nix/store/8ky53y7x24i8qbk92gfj89shzzywj206-minikube-1.34.0",
              "default": true
            }
          ],
          "store_path": "/nix/store/8ky53y7x24i8qbk92gfj89shzzywj206-minikube-1.34.0"
        },
        "aarch64-linux": {
          "outputs": [
            {
              "name": "out",
              "path": "/nix/store/xsgljhcdl2kfdsjbff669x1gid591i0w-minikube-1.34.0",
              "default": true
            }
          ],
          "store_path": "/nix/store/xsgljhcdl2kfdsjbff669x1gid591i0w-minikube-1.34.0"
        },
        "x86_64-darwin": {
          "outputs": [
            {
              "name": "out",
              "path": "/nix/store/rq3dz4d0r61bkxpx3c85j5064imr04gw-minikube-1.34.0",
              "default": true
            }
          ],
          "store_path": "/nix/store/rq3dz4d0r61bkxpx3c85j5064imr04gw-minikube-1.34.0"
        },
        "x86_64-linux": {
          "outputs": [
            {
              "name": "out",
              "path": "/nix/store/dgavc0dp4cn9xrx1diggrgmmgq775bhc-minikube-1.34.0",
              "default": true
            }
          ],
          "store_path": "/nix/store/dgavc0dp4cn9xrx1diggrgmmgq775bhc-minikube-1.34.0"
        }
      }
    },
    "nodejs@latest": {
      "last_modified": "2025-03-21T17:37:26Z",
      "plugin_version": "0.0.2",
      "resolved": "github:NixOS/nixpkgs/94c4dbe77c0740ebba36c173672ca15a7926c993#nodejs_23",
      "source": "devbox-search",
      "version": "23.10.0",
      "systems": {
        "aarch64-darwin": {
          "outputs": [
            {
              "name": "out",
              "path": "/nix/store/yph39j7h2a593qmfrnqd4ajpapr4z01z-nodejs-23.10.0",
              "default": true
            },
            {
              "name": "libv8",
              "path": "/nix/store/vfnby8fg48rmsndmq9c03kr452i4scgq-nodejs-23.10.0-libv8"
            }
          ],
          "store_path": "/nix/store/yph39j7h2a593qmfrnqd4ajpapr4z01z-nodejs-23.10.0"
        },
        "aarch64-linux": {
          "outputs": [
            {
              "name": "out",
              "path": "/nix/store/1kyg749m82ay2j4kkhaqlr4cp56i5h4h-nodejs-23.10.0",
              "default": true
            },
            {
              "name": "libv8",
              "path": "/nix/store/0pfi6zsdlri5p8dyvgna336kw2hb1cwg-nodejs-23.10.0-libv8"
            }
          ],
          "store_path": "/nix/store/1kyg749m82ay2j4kkhaqlr4cp56i5h4h-nodejs-23.10.0"
        },
        "x86_64-darwin": {
          "outputs": [
            {
              "name": "out",
              "path": "/nix/store/nj0d1lc4nanqj7v4ibcgd26m3p5yfb0h-nodejs-23.10.0",
              "default": true
            },
            {
              "name": "libv8",
              "path": "/nix/store/k5rvmvqyibamfxa7cfzjfd5ldmi38kf3-nodejs-23.10.0-libv8"
            }
          ],
          "store_path": "/nix/store/nj0d1lc4nanqj7v4ibcgd26m3p5yfb0h-nodejs-23.10.0"
        },
        "x86_64-linux": {
          "outputs": [
            {
              "name": "out",
              "path": "/nix/store/m7imcmwi4hschl257dzc33gxciqlf4bm-nodejs-23.10.0",
              "default": true
            },
            {
              "name": "libv8",
              "path": "/nix/store/wy7ysxmd2ygdc5zpbhf9ripwgvvvnwsd-nodejs-23.10.0-libv8"
            }
          ],
          "store_path": "/nix/store/m7imcmwi4hschl257dzc33gxciqlf4bm-nodejs-23.10.0"
        }
      }
    },
    "python@latest": {
      "last_modified": "2025-03-21T17:37:26Z",
      "plugin_version": "0.0.4",
      "resolved": "github:NixOS/nixpkgs/94c4dbe77c0740ebba36c173672ca15a7926c993#python313",
      "source": "devbox-search",
      "version": "3.13.2",
      "systems": {
        "aarch64-darwin": {
          "outputs": [
            {
              "name": "out",
              "path": "/nix/store/c8k24sfwckindjhdxak6z3dhn8w4anx2-python3-3.13.2",
              "default": true
            }
          ],
          "store_path": "/nix/store/c8k24sfwckindjhdxak6z3dhn8w4anx2-python3-3.13.2"
        },
        "aarch64-linux": {
          "outputs": [
            {
              "name": "out",
              "path": "/nix/store/jsqky488530ax8hdaz5ckldxq9y6qr3k-python3-3.13.2",
              "default": true
            },
            {
              "name": "debug",
              "path": "/nix/store/fwwjmw2yddxxm6aj51r16v0ffp77zvk1-python3-3.13.2-debug"
            }
          ],
          "store_path": "/nix/store/jsqky488530ax8hdaz5ckldxq9y6qr3k-python3-3.13.2"
        },
        "x86_64-darwin": {
          "outputs": [
            {
              "name": "out",
              "path": "/nix/store/m2bvzkwhj5b8692388dc0nim945681i0-python3-3.13.2",
              "default": true
            }
          ],
          "store_path": "/nix/store/m2bvzkwhj5b8692388dc0nim945681i0-python3-3.13.2"
        },
        "x86_64-linux": {
          "outputs": [
            {
              "name": "out",
              "path": "/nix/store/1031nlccnpdp7ljbjm4ja0q7gqadsl3m-python3-3.13.2",
              "default": true
            },
            {
              "name": "debug",
              "path": "/nix/store/y6yl2y65r8g0jip1yl775xkb0wfyawsn-python3-3.13.2-debug"
            }
          ],
          "store_path": "/nix/store/1031nlccnpdp7ljbjm4ja0q7gqadsl3m-python3-3.13.2"
        }
      }
    },
    "snyk@latest": {
      "last_modified": "2025-03-21T17:37:26Z",
      "resolved": "github:NixOS/nixpkgs/94c4dbe77c0740ebba36c173672ca15a7926c993#snyk",
      "source": "devbox-search",
      "version": "1.1296.0",
      "systems": {
        "aarch64-darwin": {
          "outputs": [
            {
              "name": "out",
              "path": "/nix/store/dwhcisbdzdsh8gi3prgk1fxndvahsrbh-snyk-1.1296.0",
              "default": true
            }
          ],
          "store_path": "/nix/store/dwhcisbdzdsh8gi3prgk1fxndvahsrbh-snyk-1.1296.0"
        },
        "aarch64-linux": {
          "outputs": [
            {
              "name": "out",
              "path": "/nix/store/p53praa7yc8lbh4yyj0wak2clgn4kjkw-snyk-1.1296.0",
              "default": true
            }
          ],
          "store_path": "/nix/store/p53praa7yc8lbh4yyj0wak2clgn4kjkw-snyk-1.1296.0"
        },
        "x86_64-darwin": {
          "outputs": [
            {
              "name": "out",
              "path": "/nix/store/6d58hq5x0f9c7mmh722iidwdmvd8vwr6-snyk-1.1296.0",
              "default": true
            }
          ],
          "store_path": "/nix/store/6d58hq5x0f9c7mmh722iidwdmvd8vwr6-snyk-1.1296.0"
        },
        "x86_64-linux": {
          "outputs": [
            {
              "name": "out",
              "path": "/nix/store/w9qzvd9i3415dahk4nplhy8y87fbz4l9-snyk-1.1296.0",
              "default": true
            }
          ],
          "store_path": "/nix/store/w9qzvd9i3415dahk4nplhy8y87fbz4l9-snyk-1.1296.0"
        }
      }
    },
    "starship@latest": {
      "last_modified": "2025-03-11T17:52:14Z",
      "resolved": "github:NixOS/nixpkgs/0d534853a55b5d02a4ababa1d71921ce8f0aee4c#starship",
      "source": "devbox-search",
      "version": "1.22.1",
      "systems": {
        "aarch64-darwin": {
          "outputs": [
            {
              "name": "out",
              "path": "/nix/store/7m8hv4ijk3wsa00cmavwwn2xx620xy9l-starship-1.22.1",
              "default": true
            }
          ],
          "store_path": "/nix/store/7m8hv4ijk3wsa00cmavwwn2xx620xy9l-starship-1.22.1"
        },
        "aarch64-linux": {
          "outputs": [
            {
              "name": "out",
              "path": "/nix/store/9y3izx2lrqkps6x61cci3plz6dybddj4-starship-1.22.1",
              "default": true
            }
          ],
          "store_path": "/nix/store/9y3izx2lrqkps6x61cci3plz6dybddj4-starship-1.22.1"
        },
        "x86_64-darwin": {
          "outputs": [
            {
              "name": "out",
              "path": "/nix/store/fb4wpkg4vf7gpqz2qg8cdpmqfsjz2zbm-starship-1.22.1",
              "default": true
            }
          ],
          "store_path": "/nix/store/fb4wpkg4vf7gpqz2qg8cdpmqfsjz2zbm-starship-1.22.1"
        },
        "x86_64-linux": {
          "outputs": [
            {
              "name": "out",
              "path": "/nix/store/d2g5lzr45z3ysszbmvqzz6yskzp2wd6q-starship-1.22.1",
              "default": true
            }
          ],
          "store_path": "/nix/store/d2g5lzr45z3ysszbmvqzz6yskzp2wd6q-starship-1.22.1"
        }
      }
    },
    "stern@latest": {
      "last_modified": "2025-03-21T17:37:26Z",
      "resolved": "github:NixOS/nixpkgs/94c4dbe77c0740ebba36c173672ca15a7926c993#stern",
      "source": "devbox-search",
      "version": "1.32.0",
      "systems": {
        "aarch64-darwin": {
          "outputs": [
            {
              "name": "out",
              "path": "/nix/store/wwpg9i567lmkcjdh8mvnzlp69kv81wb7-stern-1.32.0",
              "default": true
            }
          ],
          "store_path": "/nix/store/wwpg9i567lmkcjdh8mvnzlp69kv81wb7-stern-1.32.0"
        },
        "aarch64-linux": {
          "outputs": [
            {
              "name": "out",
              "path": "/nix/store/mrhzjq4c6bz0272knkiq6f9fssxspv4q-stern-1.32.0",
              "default": true
            }
          ],
          "store_path": "/nix/store/mrhzjq4c6bz0272knkiq6f9fssxspv4q-stern-1.32.0"
        },
        "x86_64-darwin": {
          "outputs": [
            {
              "name": "out",
              "path": "/nix/store/bkln7w11y5kv8qjb1myvrg7a7x86xs7h-stern-1.32.0",
              "default": true
            }
          ],
          "store_path": "/nix/store/bkln7w11y5kv8qjb1myvrg7a7x86xs7h-stern-1.32.0"
        },
        "x86_64-linux": {
          "outputs": [
            {
              "name": "out",
              "path": "/nix/store/dbqmfj5yjrnb8x6ng94n9p7z3g9vdhp1-stern-1.32.0",
              "default": true
            }
          ],
          "store_path": "/nix/store/dbqmfj5yjrnb8x6ng94n9p7z3g9vdhp1-stern-1.32.0"
        }
      }
    },
    "tree@latest": {
      "last_modified": "2025-03-19T06:05:51Z",
      "resolved": "github:NixOS/nixpkgs/44e422ba8ed1bdec9620b0733601669972f91170#tree",
      "source": "devbox-search",
      "version": "2.2.1",
      "systems": {
        "aarch64-darwin": {
          "outputs": [
            {
              "name": "out",
              "path": "/nix/store/cvw68m0d6g2cc4c77xyxrl34n0yrzjkl-tree-2.2.1",
              "default": true
            }
          ],
          "store_path": "/nix/store/cvw68m0d6g2cc4c77xyxrl34n0yrzjkl-tree-2.2.1"
        },
        "aarch64-linux": {
          "outputs": [
            {
              "name": "out",
              "path": "/nix/store/155kkqjkw3lyv6p6kfjl67zc5wrnxfdp-tree-2.2.1",
              "default": true
            }
          ],
          "store_path": "/nix/store/155kkqjkw3lyv6p6kfjl67zc5wrnxfdp-tree-2.2.1"
        },
        "x86_64-darwin": {
          "outputs": [
            {
              "name": "out",
              "path": "/nix/store/gdyvhv8q1jnya7qnaaaz4f7dfjb9b22g-tree-2.2.1",
              "default": true
            }
          ],
          "store_path": "/nix/store/gdyvhv8q1jnya7qnaaaz4f7dfjb9b22g-tree-2.2.1"
        },
        "x86_64-linux": {
          "outputs": [
            {
              "name": "out",
              "path": "/nix/store/njj30ahv44z04g8ragbpk0csgdqkd632-tree-2.2.1",
              "default": true
            }
          ],
          "store_path": "/nix/store/njj30ahv44z04g8ragbpk0csgdqkd632-tree-2.2.1"
        }
      }
    },
    "vim@latest": {
      "last_modified": "2025-03-21T17:37:26Z",
      "resolved": "github:NixOS/nixpkgs/94c4dbe77c0740ebba36c173672ca15a7926c993#vim",
      "source": "devbox-search",
      "version": "9.1.1122",
      "systems": {
        "aarch64-darwin": {
          "outputs": [
            {
              "name": "out",
              "path": "/nix/store/nnh7xzcryl0mjx93zv1ibnhp81lc6w1m-vim-9.1.1122",
              "default": true
            },
            {
              "name": "xxd",
              "path": "/nix/store/1nljdrfrbgqq6pfkayjs6apivc6wxm7c-vim-9.1.1122-xxd",
              "default": true
            }
          ],
          "store_path": "/nix/store/nnh7xzcryl0mjx93zv1ibnhp81lc6w1m-vim-9.1.1122"
        },
        "aarch64-linux": {
          "outputs": [
            {
              "name": "out",
              "path": "/nix/store/kx3f1k6f32mlinh8iz93mh3vq79v6yck-vim-9.1.1122",
              "default": true
            },
            {
              "name": "xxd",
              "path": "/nix/store/gcwqh39biigvpzig2wngxpmq6v7lv3rl-vim-9.1.1122-xxd",
              "default": true
            }
          ],
          "store_path": "/nix/store/kx3f1k6f32mlinh8iz93mh3vq79v6yck-vim-9.1.1122"
        },
        "x86_64-darwin": {
          "outputs": [
            {
              "name": "out",
              "path": "/nix/store/655r26wnvmsrgnm2jl3shdncssm374mv-vim-9.1.1122",
              "default": true
            },
            {
              "name": "xxd",
              "path": "/nix/store/ml56rfcvvfyarggpvqwqmr36ih27isaf-vim-9.1.1122-xxd",
              "default": true
            }
          ],
          "store_path": "/nix/store/655r26wnvmsrgnm2jl3shdncssm374mv-vim-9.1.1122"
        },
        "x86_64-linux": {
          "outputs": [
            {
              "name": "out",
              "path": "/nix/store/0yscj33c1zk06j6nkchkijc3b8fgbgvd-vim-9.1.1122",
              "default": true
            },
            {
              "name": "xxd",
              "path": "/nix/store/l0wb5sixzgn9li360vzpac2k9llgl3fx-vim-9.1.1122-xxd",
              "default": true
            }
          ],
          "store_path": "/nix/store/0yscj33c1zk06j6nkchkijc3b8fgbgvd-vim-9.1.1122"
        }
      }
    },
    "wget@latest": {
      "last_modified": "2025-03-21T17:37:26Z",
      "resolved": "github:NixOS/nixpkgs/94c4dbe77c0740ebba36c173672ca15a7926c993#wget",
      "source": "devbox-search",
      "version": "1.25.0",
      "systems": {
        "aarch64-darwin": {
          "outputs": [
            {
              "name": "out",
              "path": "/nix/store/bhaparlbs0ffqgjjsjz319pz95fml4lq-wget-1.25.0",
              "default": true
            }
          ],
          "store_path": "/nix/store/bhaparlbs0ffqgjjsjz319pz95fml4lq-wget-1.25.0"
        },
        "aarch64-linux": {
          "outputs": [
            {
              "name": "out",
              "path": "/nix/store/l385w73qfyi9cs6z0pxxv734xrr5jrcz-wget-1.25.0",
              "default": true
            }
          ],
          "store_path": "/nix/store/l385w73qfyi9cs6z0pxxv734xrr5jrcz-wget-1.25.0"
        },
        "x86_64-darwin": {
          "outputs": [
            {
              "name": "out",
              "path": "/nix/store/ldwq4w5kj1n7j1ps653y41n7v5hn2zis-wget-1.25.0",
              "default": true
            }
          ],
          "store_path": "/nix/store/ldwq4w5kj1n7j1ps653y41n7v5hn2zis-wget-1.25.0"
        },
        "x86_64-linux": {
          "outputs": [
            {
              "name": "out",
              "path": "/nix/store/jg177aaczad8jf3520hhlhwqzzqg4x24-wget-1.25.0",
              "default": true
            }
          ],
          "store_path": "/nix/store/jg177aaczad8jf3520hhlhwqzzqg4x24-wget-1.25.0"
        }
      }
    },
    "zsh@latest": {
      "last_modified": "2025-03-21T17:37:26Z",
      "resolved": "github:NixOS/nixpkgs/94c4dbe77c0740ebba36c173672ca15a7926c993#zsh",
      "source": "devbox-search",
      "version": "5.9",
      "systems": {
        "aarch64-darwin": {
          "outputs": [
            {
              "name": "out",
              "path": "/nix/store/qrb2fy6md1pgwp2mpxjslsvnn48nl80x-zsh-5.9",
              "default": true
            },
            {
              "name": "man",
              "path": "/nix/store/q0id79lr1dalkr1mrv11xrjvrfncykm1-zsh-5.9-man",
              "default": true
            },
            {
              "name": "doc",
              "path": "/nix/store/3pidvx1rdnkhbkj9lfw897ips05713s6-zsh-5.9-doc"
            },
            {
              "name": "info",
              "path": "/nix/store/wia21h4any8ji0czpxr7q4ls01rx307n-zsh-5.9-info"
            }
          ],
          "store_path": "/nix/store/qrb2fy6md1pgwp2mpxjslsvnn48nl80x-zsh-5.9"
        },
        "aarch64-linux": {
          "outputs": [
            {
              "name": "out",
              "path": "/nix/store/vgahzvk44gvjlngjddbxv9pvfm23v0yj-zsh-5.9",
              "default": true
            },
            {
              "name": "man",
              "path": "/nix/store/qbsza1103g2ayddbhfsgi7kacpppm250-zsh-5.9-man",
              "default": true
            },
            {
              "name": "doc",
              "path": "/nix/store/dsq6akz93367cr0786i1xrdyqr7mill2-zsh-5.9-doc"
            },
            {
              "name": "info",
              "path": "/nix/store/ihqn8jwp1gqkr8dgx07iwl2ivi3b6bqb-zsh-5.9-info"
            }
          ],
          "store_path": "/nix/store/vgahzvk44gvjlngjddbxv9pvfm23v0yj-zsh-5.9"
        },
        "x86_64-darwin": {
          "outputs": [
            {
              "name": "out",
              "path": "/nix/store/7g514cl95sk6z45ja7zbh6w2k5x1qbxz-zsh-5.9",
              "default": true
            },
            {
              "name": "man",
              "path": "/nix/store/n40gsi4xh9d66bkhb1yxz5v6hhqjc3sq-zsh-5.9-man",
              "default": true
            },
            {
              "name": "doc",
              "path": "/nix/store/3d541gip2as7n16rqk8gyjl8gyflcbiv-zsh-5.9-doc"
            },
            {
              "name": "info",
              "path": "/nix/store/ymrm1v24fnph1dg5cb57q22zv28rxa80-zsh-5.9-info"
            }
          ],
          "store_path": "/nix/store/7g514cl95sk6z45ja7zbh6w2k5x1qbxz-zsh-5.9"
        },
        "x86_64-linux": {
          "outputs": [
            {
              "name": "out",
              "path": "/nix/store/b275l91cblxaz1llf13dygm91fcinq0c-zsh-5.9",
              "default": true
            },
            {
              "name": "man",
              "path": "/nix/store/k8sg8j0jrngv1yslbgz85d1f9vchvxh0-zsh-5.9-man",
              "default": true
            },
            {
              "name": "doc",
              "path": "/nix/store/dprsk0p6mw5dkhi1j7y92zclq1dc4q8g-zsh-5.9-doc"
            },
            {
              "name": "info",
              "path": "/nix/store/nkrhkif7fmbbbd1jmbm7p50d58dk2mlw-zsh-5.9-info"
            }
          ],
          "store_path": "/nix/store/b275l91cblxaz1llf13dygm91fcinq0c-zsh-5.9"
        }
      }
    }
  }
}
